
Microsoft Visual Studio Solution File, Format Version 12.00
# Visual Studio Version 16
VisualStudioVersion = 16.0.30907.101
MinimumVisualStudioVersion = 10.0.40219.1
Project("{FAE04EC0-301F-11D3-BF4B-00C04F79EFBC}") = "Tulostus500", "Tulostus500\Tulostus500.csproj", "{A6B0670F-9277-4BBE-8754-73B7E59201C9}"
EndProject
Global
	GlobalSection(SolutionConfigurationPlatforms) = preSolution
		Debug|Any CPU = Debug|Any CPU
		Release|Any CPU = Release|Any CPU
	EndGlobalSection
	GlobalSection(ProjectConfigurationPlatforms) = postSolution
		{A6B0670F-9277-4BBE-8754-73B7E59201C9}.Debug|Any CPU.ActiveCfg = Debug|Any CPU
		{A6B0670F-9277-4BBE-8754-73B7E59201C9}.Debug|Any CPU.Build.0 = Debug|Any CPU
		{A6B0670F-9277-4BBE-8754-73B7E59201C9}.Release|Any CPU.ActiveCfg = Release|Any CPU
		{A6B0670F-9277-4BBE-8754-73B7E59201C9}.Release|Any CPU.Build.0 = Release|Any CPU
	EndGlobalSection
	GlobalSection(SolutionProperties) = preSolution
		HideSolutionNode = FALSE
	EndGlobalSection
	GlobalSection(ExtensibilityGlobals) = postSolution
		SolutionGuid = {062C0B8C-2162-4E1D-8A79-31036E797B96}
	EndGlobalSection
EndGlobal
